// !$*UTF8*$!
{
	archiveVersion = 1;
	classes = {
	};
	objectVersion = 56;
	objects = {

/* Begin PBXBuildFile section */
		0E569A0F6FBD4698AB35E01CD8A2EDCE /* FolderListView.swift in Sources */ = {isa = PBXBuildFile; fileRef = 1B42C0278F544FC3A080EBB38AD2F5DB /* FolderListView.swift */; };
		18B8F259BF6B41D6B7FD1A1D90F2BD63 /* FullscreenGalleryView.swift in Sources */ = {isa = PBXBuildFile; fileRef = 9146781B0C204B01944D85C555E85FC0 /* FullscreenGalleryView.swift */; };
		1E03A6F02C8AD7EA00E58B5F /* CardsStashApp.swift in Sources */ = {isa = PBXBuildFile; fileRef = 1E03A6D12C8AD7EA00E58B5F /* CardsStashApp.swift */; };
		1E03A6F12C8AD7EA00E58B5F /* ContentView.swift in Sources */ = {isa = PBXBuildFile; fileRef = 1E03A6D22C8AD7EA00E58B5F /* ContentView.swift */; };
		1E03A6F22C8AD7EA00E58B5F /* PhotoLibraryViewModel.swift in Sources */ = {isa = PBXBuildFile; fileRef = 1E03A6D32C8AD7EA00E58B5F /* PhotoLibraryViewModel.swift */; };
		1E03A6F42C8AD7EA00E58B5F /* FullscreenPhotoView.swift in Sources */ = {isa = PBXBuildFile; fileRef = 1E03A6D52C8AD7EA00E58B5F /* FullscreenPhotoView.swift */; };
		1E03A6F52C8AD7EA00E58B5F /* PermissionViews.swift in Sources */ = {isa = PBXBuildFile; fileRef = 1E03A6D62C8AD7EA00E58B5F /* PermissionViews.swift */; };
		1E03A6F62C8AD7EA00E58B5F /* Assets.xcassets in Resources */ = {isa = PBXBuildFile; fileRef = 1E03A6D72C8AD7EA00E58B5F /* Assets.xcassets */; };
		1E03A6F72C8AD7EA00E58B5F /* Preview Assets.xcassets in Resources */ = {isa = PBXBuildFile; fileRef = 1E03A6D82C8AD7EA00E58B5F /* Preview Assets.xcassets */; };
		26EF625A764D4EFE94B6BE17E6ADB837 /* FolderDetailView.swift in Sources */ = {isa = PBXBuildFile; fileRef = 70DD116BE0E542A6B2AF4E43B38B2E97 /* FolderDetailView.swift */; };
		288577DFDD794C4BA0747E2C0D819725 /* GalleryModels.swift in Sources */ = {isa = PBXBuildFile; fileRef = 970825456247408091A124956D1F0428 /* GalleryModels.swift */; };
		A7B60D611AA74CF892594D9D8A5FF172 /* AssetThumbnailView.swift in Sources */ = {isa = PBXBuildFile; fileRef = CC403D8392814A8788453F4447631262 /* AssetThumbnailView.swift */; };
		B952455DD35C45318E19E83A953F399B /* GalleryDataStore.swift in Sources */ = {isa = PBXBuildFile; fileRef = 51EDED75303D4728B0EFAE377E7F266D /* GalleryDataStore.swift */; };
/* End PBXBuildFile section */

/* Begin PBXFileReference section */
		1B42C0278F544FC3A080EBB38AD2F5DB /* FolderListView.swift */ = {isa = PBXFileReference; lastKnownFileType = sourcecode.swift; path = FolderListView.swift; sourceTree = "<group>"; };
		1E03A6C72C8AD7EA00E58B5F /* Info.plist */ = {isa = PBXFileReference; lastKnownFileType = text.plist.xml; path = Info.plist; sourceTree = "<group>"; };
		1E03A6C82C8AD7EA00E58B5F /* CardsStash.app */ = {isa = PBXFileReference; explicitFileType = wrapper.application; includeInIndex = 0; path = CardsStash.app; sourceTree = BUILT_PRODUCTS_DIR; };
		1E03A6D12C8AD7EA00E58B5F /* CardsStashApp.swift */ = {isa = PBXFileReference; lastKnownFileType = sourcecode.swift; path = CardsStashApp.swift; sourceTree = "<group>"; };
		1E03A6D22C8AD7EA00E58B5F /* ContentView.swift */ = {isa = PBXFileReference; lastKnownFileType = sourcecode.swift; path = ContentView.swift; sourceTree = "<group>"; };
		1E03A6D32C8AD7EA00E58B5F /* PhotoLibraryViewModel.swift */ = {isa = PBXFileReference; lastKnownFileType = sourcecode.swift; path = PhotoLibraryViewModel.swift; sourceTree = "<group>"; };
		1E03A6D52C8AD7EA00E58B5F /* FullscreenPhotoView.swift */ = {isa = PBXFileReference; lastKnownFileType = sourcecode.swift; path = FullscreenPhotoView.swift; sourceTree = "<group>"; };
		1E03A6D62C8AD7EA00E58B5F /* PermissionViews.swift */ = {isa = PBXFileReference; lastKnownFileType = sourcecode.swift; path = PermissionViews.swift; sourceTree = "<group>"; };
		1E03A6D72C8AD7EA00E58B5F /* Assets.xcassets */ = {isa = PBXFileReference; lastKnownFileType = folder.assetcatalog; path = Assets.xcassets; sourceTree = "<group>"; };
		1E03A6D82C8AD7EA00E58B5F /* Preview Assets.xcassets */ = {isa = PBXFileReference; lastKnownFileType = folder.assetcatalog; path = "Preview Assets.xcassets"; sourceTree = "<group>"; };
		51EDED75303D4728B0EFAE377E7F266D /* GalleryDataStore.swift */ = {isa = PBXFileReference; lastKnownFileType = sourcecode.swift; path = GalleryDataStore.swift; sourceTree = "<group>"; };
		70DD116BE0E542A6B2AF4E43B38B2E97 /* FolderDetailView.swift */ = {isa = PBXFileReference; lastKnownFileType = sourcecode.swift; path = FolderDetailView.swift; sourceTree = "<group>"; };
		9146781B0C204B01944D85C555E85FC0 /* FullscreenGalleryView.swift */ = {isa = PBXFileReference; lastKnownFileType = sourcecode.swift; path = FullscreenGalleryView.swift; sourceTree = "<group>"; };
		970825456247408091A124956D1F0428 /* GalleryModels.swift */ = {isa = PBXFileReference; lastKnownFileType = sourcecode.swift; path = GalleryModels.swift; sourceTree = "<group>"; };
		CC403D8392814A8788453F4447631262 /* AssetThumbnailView.swift */ = {isa = PBXFileReference; lastKnownFileType = sourcecode.swift; path = AssetThumbnailView.swift; sourceTree = "<group>"; };
/* End PBXFileReference section */

/* Begin PBXFrameworksBuildPhase section */
		1E03A6BE2C8AD7EA00E58B5F /* Frameworks */ = {
			isa = PBXFrameworksBuildPhase;
			buildActionMask = 2147483647;
			files = (
			);
			runOnlyForDeploymentPostprocessing = 0;
		};
/* End PBXFrameworksBuildPhase section */

/* Begin PBXGroup section */
		1E03A6BB2C8AD7EA00E58B5F = {
			isa = PBXGroup;
			children = (
				1E03A6E02C8AD7EA00E58B5F /* CardsStash */,
				1E03A6BC2C8AD7EA00E58B5F /* Products */,
			);
			sourceTree = "<group>";
		};
		1E03A6BC2C8AD7EA00E58B5F /* Products */ = {
			isa = PBXGroup;
			children = (
				1E03A6C82C8AD7EA00E58B5F /* CardsStash.app */,
			);
			name = Products;
			sourceTree = "<group>";
		};
		1E03A6E02C8AD7EA00E58B5F /* CardsStash */ = {
			isa = PBXGroup;
			children = (
				1E03A6D12C8AD7EA00E58B5F /* CardsStashApp.swift */,
				1E03A6D22C8AD7EA00E58B5F /* ContentView.swift */,
				2CCB536E05404CEC854F8A0503C751B8 /* Models */,
				1E03A6E22C8AD7EA00E58B5F /* ViewModels */,
				1E03A6E12C8AD7EA00E58B5F /* Views */,
				1E03A6D72C8AD7EA00E58B5F /* Assets.xcassets */,
				1E03A6E42C8AD7EA00E58B5F /* PreviewContent */,
				1E03A6C72C8AD7EA00E58B5F /* Info.plist */,
			);
			path = CardsStash;
			sourceTree = "<group>";
		};
		1E03A6E12C8AD7EA00E58B5F /* Views */ = {
			isa = PBXGroup;
			children = (
				CC403D8392814A8788453F4447631262 /* AssetThumbnailView.swift */,
				1B42C0278F544FC3A080EBB38AD2F5DB /* FolderListView.swift */,
				70DD116BE0E542A6B2AF4E43B38B2E97 /* FolderDetailView.swift */,
				9146781B0C204B01944D85C555E85FC0 /* FullscreenGalleryView.swift */,
				1E03A6D52C8AD7EA00E58B5F /* FullscreenPhotoView.swift */,
				1E03A6D62C8AD7EA00E58B5F /* PermissionViews.swift */,
			);
			path = Views;
			sourceTree = "<group>";
		};
		1E03A6E22C8AD7EA00E58B5F /* ViewModels */ = {
			isa = PBXGroup;
			children = (
				1E03A6D32C8AD7EA00E58B5F /* PhotoLibraryViewModel.swift */,
				51EDED75303D4728B0EFAE377E7F266D /* GalleryDataStore.swift */,
			);
			path = ViewModels;
			sourceTree = "<group>";
		};
		1E03A6E42C8AD7EA00E58B5F /* PreviewContent */ = {
			isa = PBXGroup;
			children = (
				1E03A6D82C8AD7EA00E58B5F /* Preview Assets.xcassets */,
			);
			path = PreviewContent;
			sourceTree = "<group>";
		};
		2CCB536E05404CEC854F8A0503C751B8 /* Models */ = {
			isa = PBXGroup;
			children = (
				970825456247408091A124956D1F0428 /* GalleryModels.swift */,
			);
			path = Models;
			sourceTree = "<group>";
		};
/* End PBXGroup section */

/* Begin PBXNativeTarget section */
		1E03A6BD2C8AD7EA00E58B5F /* CardsStash */ = {
			isa = PBXNativeTarget;
			buildConfigurationList = 1E03A6C12C8AD7EA00E58B5F /* Build configuration list for PBXNativeTarget "CardsStash" */;
			buildPhases = (
				1E03A6C02C8AD7EA00E58B5F /* Sources */,
				1E03A6BE2C8AD7EA00E58B5F /* Frameworks */,
				1E03A6BF2C8AD7EA00E58B5F /* Resources */,
			);
			buildRules = (
			);
			dependencies = (
			);
			name = CardsStash;
			productName = CardsStash;
			productReference = 1E03A6C82C8AD7EA00E58B5F /* CardsStash.app */;
			productType = "com.apple.product-type.application";
		};
/* End PBXNativeTarget section */

/* Begin PBXProject section */
		1E03A6BA2C8AD7EA00E58B5F /* Project object */ = {
			isa = PBXProject;
			attributes = {
				BuildIndependentTargetsInParallel = YES;
				LastSwiftUpdateCheck = 1500;
				LastUpgradeCheck = 2610;
				TargetAttributes = {
					1E03A6BD2C8AD7EA00E58B5F = {
						CreatedOnToolsVersion = 15.0;
					};
				};
			};
			buildConfigurationList = 1E03A6C22C8AD7EA00E58B5F /* Build configuration list for PBXProject "CardsStash" */;
			compatibilityVersion = "Xcode 14.0";
			developmentRegion = en;
			hasScannedForEncodings = 0;
			knownRegions = (
				en,
				Base,
			);
			mainGroup = 1E03A6BB2C8AD7EA00E58B5F;
			productRefGroup = 1E03A6BC2C8AD7EA00E58B5F /* Products */;
			projectDirPath = "";
			projectRoot = "";
			targets = (
				1E03A6BD2C8AD7EA00E58B5F /* CardsStash */,
			);
		};
/* End PBXProject section */

/* Begin PBXResourcesBuildPhase section */
		1E03A6BF2C8AD7EA00E58B5F /* Resources */ = {
			isa = PBXResourcesBuildPhase;
			buildActionMask = 2147483647;
			files = (
				1E03A6F62C8AD7EA00E58B5F /* Assets.xcassets in Resources */,
				1E03A6F72C8AD7EA00E58B5F /* Preview Assets.xcassets in Resources */,
			);
			runOnlyForDeploymentPostprocessing = 0;
		};
/* End PBXResourcesBuildPhase section */

/* Begin PBXSourcesBuildPhase section */
		1E03A6C02C8AD7EA00E58B5F /* Sources */ = {
			isa = PBXSourcesBuildPhase;
			buildActionMask = 2147483647;
			files = (
				1E03A6F52C8AD7EA00E58B5F /* PermissionViews.swift in Sources */,
				1E03A6F42C8AD7EA00E58B5F /* FullscreenPhotoView.swift in Sources */,
				1E03A6F02C8AD7EA00E58B5F /* CardsStashApp.swift in Sources */,
				1E03A6F22C8AD7EA00E58B5F /* PhotoLibraryViewModel.swift in Sources */,
				1E03A6F12C8AD7EA00E58B5F /* ContentView.swift in Sources */,
				288577DFDD794C4BA0747E2C0D819725 /* GalleryModels.swift in Sources */,
				B952455DD35C45318E19E83A953F399B /* GalleryDataStore.swift in Sources */,
				A7B60D611AA74CF892594D9D8A5FF172 /* AssetThumbnailView.swift in Sources */,
				0E569A0F6FBD4698AB35E01CD8A2EDCE /* FolderListView.swift in Sources */,
				26EF625A764D4EFE94B6BE17E6ADB837 /* FolderDetailView.swift in Sources */,
				18B8F259BF6B41D6B7FD1A1D90F2BD63 /* FullscreenGalleryView.swift in Sources */,
			);
			runOnlyForDeploymentPostprocessing = 0;
		};
/* End PBXSourcesBuildPhase section */

/* Begin XCBuildConfiguration section */
		1E03A6C32C8AD7EA00E58B5F /* Debug */ = {
			isa = XCBuildConfiguration;
			buildSettings = {
				ASSETCATALOG_COMPILER_APPICON_NAME = AppIcon;
				ASSETCATALOG_COMPILER_GLOBAL_ACCENT_COLOR_NAME = AccentColor;
				CODE_SIGN_STYLE = Automatic;
				CURRENT_PROJECT_VERSION = 2;
				DEVELOPMENT_ASSET_PATHS = CardsStash/PreviewContent;
				GENERATE_INFOPLIST_FILE = NO;
				INFOPLIST_FILE = CardsStash/Info.plist;
				INFOPLIST_KEY_UIApplicationSupportsIndirectInputEvents = YES;
				IPHONEOS_DEPLOYMENT_TARGET = 17.0;
				LD_RUNPATH_SEARCH_PATHS = (
					"$(inherited)",
					"@executable_path/Frameworks",
				);
				MARKETING_VERSION = 1.0;
				PRODUCT_BUNDLE_IDENTIFIER = net.alkir.cardstash;
				PRODUCT_NAME = "$(TARGET_NAME)";
				SWIFT_EMIT_LOC_STRINGS = YES;
				SWIFT_VERSION = 5.0;
				TARGETED_DEVICE_FAMILY = 1;
			};
			name = Debug;
		};
		1E03A6C42C8AD7EA00E58B5F /* Release */ = {
			isa = XCBuildConfiguration;
			buildSettings = {
				ASSETCATALOG_COMPILER_APPICON_NAME = AppIcon;
				ASSETCATALOG_COMPILER_GLOBAL_ACCENT_COLOR_NAME = AccentColor;
				CODE_SIGN_STYLE = Automatic;
				CURRENT_PROJECT_VERSION = 2;
				DEVELOPMENT_ASSET_PATHS = CardsStash/PreviewContent;
				GENERATE_INFOPLIST_FILE = NO;
				INFOPLIST_FILE = CardsStash/Info.plist;
				INFOPLIST_KEY_UIApplicationSupportsIndirectInputEvents = YES;
				IPHONEOS_DEPLOYMENT_TARGET = 17.0;
				LD_RUNPATH_SEARCH_PATHS = (
					"$(inherited)",
					"@executable_path/Frameworks",
				);
				MARKETING_VERSION = 1.0;
				PRODUCT_BUNDLE_IDENTIFIER = net.alkir.cardstash;
				PRODUCT_NAME = "$(TARGET_NAME)";
				SWIFT_EMIT_LOC_STRINGS = YES;
				SWIFT_VERSION = 5.0;
				TARGETED_DEVICE_FAMILY = 1;
			};
			name = Release;
		};
		1E03A6C52C8AD7EA00E58B5F /* Debug */ = {
			isa = XCBuildConfiguration;
			buildSettings = {
				ALWAYS_SEARCH_USER_PATHS = NO;
				CLANG_ANALYZER_NONNULL = YES;
				CLANG_ANALYZER_NUMBER_OBJECT_CONVERSION = YES_AGGRESSIVE;
				CLANG_CXX_LANGUAGE_STANDARD = "gnu++17";
				CLANG_ENABLE_MODULES = YES;
				CLANG_ENABLE_OBJC_ARC = YES;
				CLANG_WARN_BLOCK_CAPTURE_AUTORELEASING = YES;
				CLANG_WARN_BOOL_CONVERSION = YES;
				CLANG_WARN_COMMA = YES;
				CLANG_WARN_CONSTANT_CONVERSION = YES;
				CLANG_WARN_DEPRECATED_OBJC_IMPLEMENTATIONS = YES;
				CLANG_WARN_DIRECT_OBJC_ISA_USAGE = YES_ERROR;
				CLANG_WARN_DOCUMENTATION_COMMENTS = YES;
				CLANG_WARN_EMPTY_BODY = YES;
				CLANG_WARN_ENUM_CONVERSION = YES;
				CLANG_WARN_INFINITE_RECURSION = YES;
				CLANG_WARN_INT_CONVERSION = YES;
				CLANG_WARN_NON_LITERAL_NULL_CONVERSION = YES;
				CLANG_WARN_OBJC_IMPLICIT_RETAIN_SELF = YES;
				CLANG_WARN_OBJC_LITERAL_CONVERSION = YES;
				CLANG_WARN_OBJC_ROOT_CLASS = YES_ERROR;
				CLANG_WARN_QUOTED_INCLUDE_IN_FRAMEWORK_HEADER = YES;
				CLANG_WARN_RANGE_LOOP_ANALYSIS = YES;
				CLANG_WARN_STRICT_PROTOTYPES = YES;
				CLANG_WARN_SUSPICIOUS_MOVE = YES;
				CLANG_WARN_UNGUARDED_AVAILABILITY = YES_AGGRESSIVE;
				CLANG_WARN_UNREACHABLE_CODE = YES;
				CLANG_WARN__DUPLICATE_METHOD_MATCH = YES;
				CODE_SIGNING_REQUIRED = NO;
				COPY_PHASE_STRIP = NO;
				DEBUG_INFORMATION_FORMAT = dwarf;
				DEVELOPMENT_TEAM = 94J428EBDA;
				ENABLE_STRICT_OBJC_MSGSEND = YES;
				ENABLE_TESTABILITY = YES;
				ENABLE_USER_SCRIPT_SANDBOXING = YES;
				GCC_C_LANGUAGE_STANDARD = gnu11;
				GCC_DYNAMIC_NO_PIC = NO;
				GCC_NO_COMMON_BLOCKS = YES;
				GCC_OPTIMIZATION_LEVEL = 0;
				GCC_PREPROCESSOR_DEFINITIONS = (
					"DEBUG=1",
					"$(inherited)",
				);
				GCC_WARN_64_TO_32_BIT_CONVERSION = YES;
				GCC_WARN_ABOUT_RETURN_TYPE = YES_ERROR;
				GCC_WARN_UNDECLARED_SELECTOR = YES;
				GCC_WARN_UNINITIALIZED_AUTOS = YES_AGGRESSIVE;
				GCC_WARN_UNUSED_FUNCTION = YES;
				GCC_WARN_UNUSED_VARIABLE = YES;
				IPHONEOS_DEPLOYMENT_TARGET = 17.0;
				MTL_ENABLE_DEBUG_INFO = INCLUDE_SOURCE;
				MTL_FAST_MATH = YES;
				ONLY_ACTIVE_ARCH = YES;
				SDKROOT = iphoneos;
				STRING_CATALOG_GENERATE_SYMBOLS = YES;
				SWIFT_ACTIVE_COMPILATION_CONDITIONS = DEBUG;
				SWIFT_OPTIMIZATION_LEVEL = "-Onone";
			};
			name = Debug;
		};
		1E03A6C62C8AD7EA00E58B5F /* Release */ = {
			isa = XCBuildConfiguration;
			buildSettings = {
				ALWAYS_SEARCH_USER_PATHS = NO;
				CLANG_ANALYZER_NONNULL = YES;
				CLANG_ANALYZER_NUMBER_OBJECT_CONVERSION = YES_AGGRESSIVE;
				CLANG_CXX_LANGUAGE_STANDARD = "gnu++17";
				CLANG_ENABLE_MODULES = YES;
				CLANG_ENABLE_OBJC_ARC = YES;
				CLANG_WARN_BLOCK_CAPTURE_AUTORELEASING = YES;
				CLANG_WARN_BOOL_CONVERSION = YES;
				CLANG_WARN_COMMA = YES;
				CLANG_WARN_CONSTANT_CONVERSION = YES;
				CLANG_WARN_DEPRECATED_OBJC_IMPLEMENTATIONS = YES;
				CLANG_WARN_DIRECT_OBJC_ISA_USAGE = YES_ERROR;
				CLANG_WARN_DOCUMENTATION_COMMENTS = YES;
				CLANG_WARN_EMPTY_BODY = YES;
				CLANG_WARN_ENUM_CONVERSION = YES;
				CLANG_WARN_INFINITE_RECURSION = YES;
				CLANG_WARN_INT_CONVERSION = YES;
				CLANG_WARN_NON_LITERAL_NULL_CONVERSION = YES;
				CLANG_WARN_OBJC_IMPLICIT_RETAIN_SELF = YES;
				CLANG_WARN_OBJC_LITERAL_CONVERSION = YES;
				CLANG_WARN_OBJC_ROOT_CLASS = YES_ERROR;
				CLANG_WARN_QUOTED_INCLUDE_IN_FRAMEWORK_HEADER = YES;
				CLANG_WARN_RANGE_LOOP_ANALYSIS = YES;
				CLANG_WARN_STRICT_PROTOTYPES = YES;
				CLANG_WARN_SUSPICIOUS_MOVE = YES;
				CLANG_WARN_UNGUARDED_AVAILABILITY = YES_AGGRESSIVE;
				CLANG_WARN_UNREACHABLE_CODE = YES;
				CLANG_WARN__DUPLICATE_METHOD_MATCH = YES;
				CODE_SIGNING_REQUIRED = NO;
				COPY_PHASE_STRIP = NO;
				DEBUG_INFORMATION_FORMAT = "dwarf-with-dsym";
				DEVELOPMENT_TEAM = 94J428EBDA;
				ENABLE_NS_ASSERTIONS = NO;
				ENABLE_STRICT_OBJC_MSGSEND = YES;
				ENABLE_USER_SCRIPT_SANDBOXING = YES;
				GCC_C_LANGUAGE_STANDARD = gnu11;
				GCC_NO_COMMON_BLOCKS = YES;
				GCC_WARN_64_TO_32_BIT_CONVERSION = YES;
				GCC_WARN_ABOUT_RETURN_TYPE = YES_ERROR;
				GCC_WARN_UNDECLARED_SELECTOR = YES;
				GCC_WARN_UNINITIALIZED_AUTOS = YES_AGGRESSIVE;
				GCC_WARN_UNUSED_FUNCTION = YES;
				GCC_WARN_UNUSED_VARIABLE = YES;
				IPHONEOS_DEPLOYMENT_TARGET = 17.0;
				MTL_ENABLE_DEBUG_INFO = NO;
				MTL_FAST_MATH = YES;
				SDKROOT = iphoneos;
				STRING_CATALOG_GENERATE_SYMBOLS = YES;
				SWIFT_COMPILATION_MODE = wholemodule;
				SWIFT_OPTIMIZATION_LEVEL = "-O";
			};
			name = Release;
		};
/* End XCBuildConfiguration section */

/* Begin XCConfigurationList section */
		1E03A6C12C8AD7EA00E58B5F /* Build configuration list for PBXNativeTarget "CardsStash" */ = {
			isa = XCConfigurationList;
			buildConfigurations = (
				1E03A6C32C8AD7EA00E58B5F /* Debug */,
				1E03A6C42C8AD7EA00E58B5F /* Release */,
			);
			defaultConfigurationIsVisible = 0;
			defaultConfigurationName = Release;
		};
		1E03A6C22C8AD7EA00E58B5F /* Build configuration list for PBXProject "CardsStash" */ = {
			isa = XCConfigurationList;
			buildConfigurations = (
				1E03A6C52C8AD7EA00E58B5F /* Debug */,
				1E03A6C62C8AD7EA00E58B5F /* Release */,
			);
			defaultConfigurationIsVisible = 0;
			defaultConfigurationName = Release;
		};
/* End XCConfigurationList section */
	};
	rootObject = 1E03A6BA2C8AD7EA00E58B5F /* Project object */;
}
